
Microsoft Visual Studio Solution File, Format Version 12.00
# Visual Studio 15
VisualStudioVersion = 15.0.28010.2003
MinimumVisualStudioVersion = 10.0.40219.1
Project("{8BC9CEB8-8B4A-11D0-8D11-00A0C91BC942}") = "WinFRW", "WinFRW\WinFRW.vcxproj", "{4BEBA28D-E1CB-4416-B47C-2D27663F7DAC}"
EndProject
Global
	GlobalSection(SolutionConfigurationPlatforms) = preSolution
		Debug|x64 = Debug|x64
		Debug|x86 = Debug|x86
		Release|x64 = Release|x64
		Release|x86 = Release|x86
	EndGlobalSection
	GlobalSection(ProjectConfigurationPlatforms) = postSolution
		{4BEBA28D-E1CB-4416-B47C-2D27663F7DAC}.Debug|x64.ActiveCfg = Debug|x64
		{4BEBA28D-E1CB-4416-B47C-2D27663F7DAC}.Debug|x64.Build.0 = Debug|x64
		{4BEBA28D-E1CB-4416-B47C-2D27663F7DAC}.Debug|x86.ActiveCfg = Debug|Win32
		{4BEBA28D-E1CB-4416-B47C-2D27663F7DAC}.Debug|x86.Build.0 = Debug|Win32
		{4BEBA28D-E1CB-4416-B47C-2D27663F7DAC}.Release|x64.ActiveCfg = Release|x64
		{4BEBA28D-E1CB-4416-B47C-2D27663F7DAC}.Release|x64.Build.0 = Release|x64
		{4BEBA28D-E1CB-4416-B47C-2D27663F7DAC}.Release|x86.ActiveCfg = Release|Win32
		{4BEBA28D-E1CB-4416-B47C-2D27663F7DAC}.Release|x86.Build.0 = Release|Win32
	EndGlobalSection
	GlobalSection(SolutionProperties) = preSolution
		HideSolutionNode = FALSE
	EndGlobalSection
	GlobalSection(ExtensibilityGlobals) = postSolution
		SolutionGuid = {548B93B4-1CBA-46BD-8FE7-F4E72068EE90}
	EndGlobalSection
EndGlobal
